
Microsoft Visual Studio Solution File, Format Version 12.00
# Visual Studio Version 17
VisualStudioVersion = 17.0.31912.275
MinimumVisualStudioVersion = 10.0.40219.1
Project("{8BC9CEB8-8B4A-11D0-8D11-00A0C91BC942}") = "Homework24", "Homework24\Homework24.vcxproj", "{1C28E565-6F8D-46EA-8156-46B4379ABF2E}"
EndProject
Global
	GlobalSection(SolutionConfigurationPlatforms) = preSolution
		Debug|x64 = Debug|x64
		Debug|x86 = Debug|x86
		Release|x64 = Release|x64
		Release|x86 = Release|x86
	EndGlobalSection
	GlobalSection(ProjectConfigurationPlatforms) = postSolution
		{1C28E565-6F8D-46EA-8156-46B4379ABF2E}.Debug|x64.ActiveCfg = Debug|x64
		{1C28E565-6F8D-46EA-8156-46B4379ABF2E}.Debug|x64.Build.0 = Debug|x64
		{1C28E565-6F8D-46EA-8156-46B4379ABF2E}.Debug|x86.ActiveCfg = Debug|Win32
		{1C28E565-6F8D-46EA-8156-46B4379ABF2E}.Debug|x86.Build.0 = Debug|Win32
		{1C28E565-6F8D-46EA-8156-46B4379ABF2E}.Release|x64.ActiveCfg = Release|x64
		{1C28E565-6F8D-46EA-8156-46B4379ABF2E}.Release|x64.Build.0 = Release|x64
		{1C28E565-6F8D-46EA-8156-46B4379ABF2E}.Release|x86.ActiveCfg = Release|Win32
		{1C28E565-6F8D-46EA-8156-46B4379ABF2E}.Release|x86.Build.0 = Release|Win32
	EndGlobalSection
	GlobalSection(SolutionProperties) = preSolution
		HideSolutionNode = FALSE
	EndGlobalSection
	GlobalSection(ExtensibilityGlobals) = postSolution
		SolutionGuid = {E3645F81-260B-427C-B8CD-481AA8BA62E0}
	EndGlobalSection
EndGlobal
